
Microsoft Visual Studio Solution File, Format Version 12.00
# Visual Studio Version 16
VisualStudioVersion = 16.0.31105.61
MinimumVisualStudioVersion = 10.0.40219.1
Project("{FAE04EC0-301F-11D3-BF4B-00C04F79EFBC}") = "YiffVirus", "YiffVirus.csproj", "{88B9CB18-6716-4278-81BF-64D423E8553F}"
EndProject
Global
	GlobalSection(SolutionConfigurationPlatforms) = preSolution
		Debug|Any CPU = Debug|Any CPU
		Release|Any CPU = Release|Any CPU
	EndGlobalSection
	GlobalSection(ProjectConfigurationPlatforms) = postSolution
		{88B9CB18-6716-4278-81BF-64D423E8553F}.Debug|Any CPU.ActiveCfg = Debug|Any CPU
		{88B9CB18-6716-4278-81BF-64D423E8553F}.Debug|Any CPU.Build.0 = Debug|Any CPU
		{88B9CB18-6716-4278-81BF-64D423E8553F}.Release|Any CPU.ActiveCfg = Release|Any CPU
		{88B9CB18-6716-4278-81BF-64D423E8553F}.Release|Any CPU.Build.0 = Release|Any CPU
	EndGlobalSection
	GlobalSection(SolutionProperties) = preSolution
		HideSolutionNode = FALSE
	EndGlobalSection
	GlobalSection(ExtensibilityGlobals) = postSolution
		SolutionGuid = {723E93AC-1171-44E8-B932-1E3F7EA1F498}
	EndGlobalSection
EndGlobal
